<?xml version="1.0" encoding="utf-8"?>
<Project ToolsVersion="4.0" xmlns="http://schemas.microsoft.com/developer/msbuild/2003">
  <ItemGroup>
    <Filter Include="Source Files">
      <UniqueIdentifier>{46d0ca77-2e47-45a0-9a55-83cd4797d6c4}</UniqueIdentifier>
      <Extensions>cpp;c;cxx;rc;def;r;odl;idl;hpj;bat</Extensions>
    </Filter>
    <Filter Include="Header Files">
      <UniqueIdentifier>{813ddbf4-9a53-4ab2-8a22-47a99cc1746d}</UniqueIdentifier>
      <Extensions>h;hpp;hxx;hm;inl</Extensions>
    </Filter>
    <Filter Include="Resource Files">
      <UniqueIdentifier>{24f79e76-b116-4177-9b9e-89fce8282a8c}</UniqueIdentifier>
      <Extensions>ico;cur;bmp;dlg;rc2;rct;bin;rgs;gif;jpg;jpeg;jpe</Extensions>
    </Filter>
    <Filter Include="Help Files">
      <UniqueIdentifier>{d45c0620-7f40-4657-94ba-6d11c2ef2aa6}</UniqueIdentifier>
      <Extensions>cnt;rtf</Extensions>
    </Filter>
  </ItemGroup>
  <ItemGroup>
    <ClCompile Include="AboutDlg1.cpp">
      <Filter>Source Files</Filter>
    </ClCompile>
    <ClCompile Include="AllStarDlg.cpp">
      <Filter>Source Files</Filter>
    </ClCompile>
    <ClCompile Include="AllTimeDlg.cpp">
      <Filter>Source Files</Filter>
    </ClCompile>
    <ClCompile Include="AutoSchDlg.cpp">
      <Filter>Source Files</Filter>
    </ClCompile>
    <ClCompile Include="Average.cpp">
      <Filter>Source Files</Filter>
    </ClCompile>
    <ClCompile Include="Awards.cpp">
      <Filter>Source Files</Filter>
    </ClCompile>
    <ClCompile Include="AwardsDlg.cpp">
      <Filter>Source Files</Filter>
    </ClCompile>
    <ClCompile Include="BBall.cpp">
      <Filter>Source Files</Filter>
    </ClCompile>
    <ClCompile Include="BBallCoachView.cpp">
      <Filter>Source Files</Filter>
    </ClCompile>
    <ClCompile Include="BBallDoc.cpp">
      <Filter>Source Files</Filter>
    </ClCompile>
    <ClCompile Include="BBallFile.cpp">
      <Filter>Source Files</Filter>
    </ClCompile>
    <ClCompile Include="BBallSchedule.cpp">
      <Filter>Source Files</Filter>
    </ClCompile>
    <ClCompile Include="BBallSettings.cpp">
      <Filter>Source Files</Filter>
    </ClCompile>
    <ClCompile Include="BBallView.cpp">
      <Filter>Source Files</Filter>
    </ClCompile>
    <ClCompile Include="BitmapCtrl.cpp">
      <Filter>Source Files</Filter>
    </ClCompile>
    <ClCompile Include="BoxDlg.cpp">
      <Filter>Source Files</Filter>
    </ClCompile>
    <ClCompile Include="Boxscore.cpp">
      <Filter>Source Files</Filter>
    </ClCompile>
    <ClCompile Include="BudgetSheetDlg.cpp">
      <Filter>Source Files</Filter>
    </ClCompile>
    <ClCompile Include="CJFlatComboBox.cpp">
      <Filter>Source Files</Filter>
    </ClCompile>
    <ClCompile Include="CampDlg.cpp">
      <Filter>Source Files</Filter>
    </ClCompile>
    <ClCompile Include="Career.cpp">
      <Filter>Source Files</Filter>
    </ClCompile>
    <ClCompile Include="CareerStatsCardDlg.cpp">
      <Filter>Source Files</Filter>
    </ClCompile>
    <ClCompile Include="CityProfileDlg.cpp">
      <Filter>Source Files</Filter>
    </ClCompile>
    <ClCompile Include="ColorStaticST.cpp">
      <Filter>Source Files</Filter>
    </ClCompile>
    <ClCompile Include="Computer.cpp">
      <Filter>Source Files</Filter>
    </ClCompile>
    <ClCompile Include="Curvefit.cpp">
      <Filter>Source Files</Filter>
    </ClCompile>
    <ClCompile Include="DCUtils.cpp">
      <Filter>Source Files</Filter>
    </ClCompile>
    <ClCompile Include="DataSort.cpp">
      <Filter>Source Files</Filter>
    </ClCompile>
    <ClCompile Include="DefenseDlg.cpp">
      <Filter>Source Files</Filter>
    </ClCompile>
    <ClCompile Include="Digistatic.cpp">
      <Filter>Source Files</Filter>
    </ClCompile>
    <ClCompile Include="Disk.cpp">
      <Filter>Source Files</Filter>
    </ClCompile>
    <ClCompile Include="DraftDlg.cpp">
      <Filter>Source Files</Filter>
    </ClCompile>
    <ClCompile Include="EditDlg.cpp">
      <Filter>Source Files</Filter>
    </ClCompile>
    <ClCompile Include="Financial.cpp">
      <Filter>Source Files</Filter>
    </ClCompile>
    <ClCompile Include="FranchiseChangeDlg.cpp">
      <Filter>Source Files</Filter>
    </ClCompile>
    <ClCompile Include="FranchiseEdit.cpp">
      <Filter>Source Files</Filter>
    </ClCompile>
    <ClCompile Include="FreeAgentDlg.cpp">
      <Filter>Source Files</Filter>
    </ClCompile>
    <ClCompile Include="Future.cpp">
      <Filter>Source Files</Filter>
    </ClCompile>
    <ClCompile Include="GamePlan.cpp">
      <Filter>Source Files</Filter>
    </ClCompile>
    <ClCompile Include="GameView.cpp">
      <Filter>Source Files</Filter>
    </ClCompile>
    <ClCompile Include="GradientStatic.cpp">
      <Filter>Source Files</Filter>
    </ClCompile>
    <ClCompile Include="High.cpp">
      <Filter>Source Files</Filter>
    </ClCompile>
    <ClCompile Include="HireStaff.cpp">
      <Filter>Source Files</Filter>
    </ClCompile>
    <ClCompile Include="HistoryAwards.cpp">
      <Filter>Source Files</Filter>
    </ClCompile>
    <ClCompile Include="HistoryAwardsDlg.cpp">
      <Filter>Source Files</Filter>
    </ClCompile>
    <ClCompile Include="HistoryDraftDlg.cpp">
      <Filter>Source Files</Filter>
    </ClCompile>
    <ClCompile Include="HistoryStats.cpp">
      <Filter>Source Files</Filter>
    </ClCompile>
    <ClCompile Include="HistoryTeamDlg.cpp">
      <Filter>Source Files</Filter>
    </ClCompile>
    <ClCompile Include="HistoryView.cpp">
      <Filter>Source Files</Filter>
    </ClCompile>
    <ClCompile Include="HofDlg.cpp">
      <Filter>Source Files</Filter>
    </ClCompile>
    <ClCompile Include="Html.cpp">
      <Filter>Source Files</Filter>
    </ClCompile>
    <ClCompile Include="HtmlDlg.cpp">
      <Filter>Source Files</Filter>
    </ClCompile>
    <ClCompile Include="HtmlMsc.cpp">
      <Filter>Source Files</Filter>
    </ClCompile>
    <ClCompile Include="ImpExp.cpp">
      <Filter>Source Files</Filter>
    </ClCompile>
    <ClCompile Include="ImportDlg.cpp">
      <Filter>Source Files</Filter>
    </ClCompile>
    <ClCompile Include="ImportPlayersDlg.cpp">
      <Filter>Source Files</Filter>
    </ClCompile>
    <ClCompile Include="InjuryTable.cpp">
      <Filter>Source Files</Filter>
    </ClCompile>
    <ClCompile Include="Label.cpp">
      <Filter>Source Files</Filter>
    </ClCompile>
    <ClCompile Include="LeadersDlg.cpp">
      <Filter>Source Files</Filter>
    </ClCompile>
    <ClCompile Include="LeagueTeamSchedule.cpp">
      <Filter>Source Files</Filter>
    </ClCompile>
    <ClCompile Include="LeagueTeamsDlg.cpp">
      <Filter>Source Files</Filter>
    </ClCompile>
    <ClCompile Include="MainFrm.cpp">
      <Filter>Source Files</Filter>
    </ClCompile>
    <ClCompile Include="MyDraw.cpp">
      <Filter>Source Files</Filter>
    </ClCompile>
    <ClCompile Include="MySliderControl.cpp">
      <Filter>Source Files</Filter>
    </ClCompile>
    <ClCompile Include="NegotiateDlg.cpp">
      <Filter>Source Files</Filter>
    </ClCompile>
    <ClCompile Include="OfferTrades1.cpp">
      <Filter>Source Files</Filter>
    </ClCompile>
    <ClCompile Include="OptionsDlg.cpp">
      <Filter>Source Files</Filter>
    </ClCompile>
    <ClCompile Include="Own.cpp">
      <Filter>Source Files</Filter>
    </ClCompile>
    <ClCompile Include="PbpDlg.cpp">
      <Filter>Source Files</Filter>
    </ClCompile>
    <ClCompile Include="Picture.cpp">
      <Filter>Source Files</Filter>
    </ClCompile>
    <ClCompile Include="Player.cpp">
      <Filter>Source Files</Filter>
    </ClCompile>
    <ClCompile Include="PlayerCardDlg.cpp">
      <Filter>Source Files</Filter>
    </ClCompile>
    <ClCompile Include="Playoff.cpp">
      <Filter>Source Files</Filter>
    </ClCompile>
    <ClCompile Include="PlayoffDlg.cpp">
      <Filter>Source Files</Filter>
    </ClCompile>
    <ClCompile Include="ProgressDlg1.cpp">
      <Filter>Source Files</Filter>
    </ClCompile>
    <ClCompile Include="ProgressView.cpp">
      <Filter>Source Files</Filter>
    </ClCompile>
    <ClCompile Include="Record.cpp">
      <Filter>Source Files</Filter>
    </ClCompile>
    <ClCompile Include="RecordbookDlg.cpp">
      <Filter>Source Files</Filter>
    </ClCompile>
    <ClCompile Include="ReportDlg.cpp">
      <Filter>Source Files</Filter>
    </ClCompile>
    <ClCompile Include="Retirement.cpp">
      <Filter>Source Files</Filter>
    </ClCompile>
    <ClCompile Include="RookieCardDlg.cpp">
      <Filter>Source Files</Filter>
    </ClCompile>
    <ClCompile Include="RookieDlg.cpp">
      <Filter>Source Files</Filter>
    </ClCompile>
    <ClCompile Include="RookieStage.cpp">
      <Filter>Source Files</Filter>
    </ClCompile>
    <ClCompile Include="ScheduleDlg.cpp">
      <Filter>Source Files</Filter>
    </ClCompile>
    <ClCompile Include="ScheduleView.cpp">
      <Filter>Source Files</Filter>
    </ClCompile>
    <ClCompile Include="ScoutProfileDlg.cpp">
      <Filter>Source Files</Filter>
    </ClCompile>
    <ClCompile Include="SearchDlg.cpp">
      <Filter>Source Files</Filter>
    </ClCompile>
    <ClCompile Include="Splash1.cpp">
      <Filter>Source Files</Filter>
    </ClCompile>
    <ClCompile Include="Staff.cpp">
      <Filter>Source Files</Filter>
    </ClCompile>
    <ClCompile Include="StaffDlg.cpp">
      <Filter>Source Files</Filter>
    </ClCompile>
    <ClCompile Include="StandingsView.cpp">
      <Filter>Source Files</Filter>
    </ClCompile>
    <ClCompile Include="StatsDlg.cpp">
      <Filter>Source Files</Filter>
    </ClCompile>
    <ClCompile Include="StdAfx.cpp">
      <Filter>Source Files</Filter>
    </ClCompile>
    <ClCompile Include="SxGroupBox.cpp">
      <Filter>Source Files</Filter>
    </ClCompile>
    <ClCompile Include="TeamFinancial.cpp">
      <Filter>Source Files</Filter>
    </ClCompile>
    <ClCompile Include="TeamView.cpp">
      <Filter>Source Files</Filter>
    </ClCompile>
    <ClCompile Include="TimeoutDlg.cpp">
      <Filter>Source Files</Filter>
    </ClCompile>
    <ClCompile Include="ToolsView.cpp">
      <Filter>Source Files</Filter>
    </ClCompile>
    <ClCompile Include="TradeBlockDlg.cpp">
      <Filter>Source Files</Filter>
    </ClCompile>
    <ClCompile Include="TradeDlg.cpp">
      <Filter>Source Files</Filter>
    </ClCompile>
    <ClCompile Include="Transactions.cpp">
      <Filter>Source Files</Filter>
    </ClCompile>
    <ClCompile Include="TransactionsDlg.cpp">
      <Filter>Source Files</Filter>
    </ClCompile>
    <ClCompile Include="TypeGameDlg.cpp">
      <Filter>Source Files</Filter>
    </ClCompile>
    <ClCompile Include="calendar.cpp">
      <Filter>Source Files</Filter>
    </ClCompile>
    <ClCompile Include="datacombo.cpp">
      <Filter>Source Files</Filter>
    </ClCompile>
    <ClCompile Include="dbcombo.cpp">
      <Filter>Source Files</Filter>
    </ClCompile>
    <ClCompile Include="font.cpp">
      <Filter>Source Files</Filter>
    </ClCompile>
    <ClCompile Include="mdccombo.cpp">
      <Filter>Source Files</Filter>
    </ClCompile>
    <ClCompile Include="picture1.cpp">
      <Filter>Source Files</Filter>
    </ClCompile>
    <ClCompile Include="rowcursor.cpp">
      <Filter>Source Files</Filter>
    </ClCompile>
    <ClCompile Include="MyComboBox.cpp">
      <Filter>Source Files</Filter>
    </ClCompile>
    <ClCompile Include="AllStarWeekend.cpp">
      <Filter>Source Files</Filter>
    </ClCompile>
    <ClCompile Include="MyButton.cpp">
      <Filter>Source Files</Filter>
    </ClCompile>
    <ClCompile Include="Engine.cpp">
      <Filter>Source Files</Filter>
    </ClCompile>
    <ClCompile Include="ScoutEditDlg.cpp">
      <Filter>Source Files</Filter>
    </ClCompile>
    <ClCompile Include="TransparentStatic.cpp">
      <Filter>Source Files</Filter>
    </ClCompile>
    <ClCompile Include="RegisterDlg.cpp">
      <Filter>Source Files</Filter>
    </ClCompile>
    <ClCompile Include="SplashScreenEx.cpp">
      <Filter>Source Files</Filter>
    </ClCompile>
    <ClCompile Include="TransparentGroup.cpp">
      <Filter>Source Files</Filter>
    </ClCompile>
    <ClCompile Include="MyListCtrl.cpp">
      <Filter>Source Files</Filter>
    </ClCompile>
    <ClCompile Include="XHeaderCtrl.cpp">
      <Filter>Source Files</Filter>
    </ClCompile>
  </ItemGroup>
  <ItemGroup>
    <None Include="res\BBall.rc2">
      <Filter>Resource Files</Filter>
    </None>
    <None Include="res\cursor.cur">
      <Filter>Resource Files</Filter>
    </None>
    <None Include="nodrop.cur">
      <Filter>Resource Files</Filter>
    </None>
    <None Include="hlp\AfxCore.rtf">
      <Filter>Help Files</Filter>
    </None>
  </ItemGroup>
  <ItemGroup>
    <ResourceCompile Include="BBall.rc">
      <Filter>Source Files</Filter>
    </ResourceCompile>
  </ItemGroup>
  <ItemGroup>
    <ClInclude Include="AboutDlg1.h">
      <Filter>Header Files</Filter>
    </ClInclude>
    <ClInclude Include="AllStarDlg.h">
      <Filter>Header Files</Filter>
    </ClInclude>
    <ClInclude Include="AllTimeDlg.h">
      <Filter>Header Files</Filter>
    </ClInclude>
    <ClInclude Include="AutoSchDlg.h">
      <Filter>Header Files</Filter>
    </ClInclude>
    <ClInclude Include="Average.h">
      <Filter>Header Files</Filter>
    </ClInclude>
    <ClInclude Include="Awards.h">
      <Filter>Header Files</Filter>
    </ClInclude>
    <ClInclude Include="AwardsDlg.h">
      <Filter>Header Files</Filter>
    </ClInclude>
    <ClInclude Include="BBall.h">
      <Filter>Header Files</Filter>
    </ClInclude>
    <ClInclude Include="BBallCoachView.h">
      <Filter>Header Files</Filter>
    </ClInclude>
    <ClInclude Include="BBallDoc.h">
      <Filter>Header Files</Filter>
    </ClInclude>
    <ClInclude Include="BBallFile.h">
      <Filter>Header Files</Filter>
    </ClInclude>
    <ClInclude Include="BBallSchedule.h">
      <Filter>Header Files</Filter>
    </ClInclude>
    <ClInclude Include="BBallSettings.h">
      <Filter>Header Files</Filter>
    </ClInclude>
    <ClInclude Include="BBallView.h">
      <Filter>Header Files</Filter>
    </ClInclude>
    <ClInclude Include="BitmapCtrl.h">
      <Filter>Header Files</Filter>
    </ClInclude>
    <ClInclude Include="BoxDlg.h">
      <Filter>Header Files</Filter>
    </ClInclude>
    <ClInclude Include="Boxscore.h">
      <Filter>Header Files</Filter>
    </ClInclude>
    <ClInclude Include="BudgetSheetDlg.h">
      <Filter>Header Files</Filter>
    </ClInclude>
    <ClInclude Include="CJFlatComboBox.h">
      <Filter>Header Files</Filter>
    </ClInclude>
    <ClInclude Include="CampDlg.h">
      <Filter>Header Files</Filter>
    </ClInclude>
    <ClInclude Include="Career.h">
      <Filter>Header Files</Filter>
    </ClInclude>
    <ClInclude Include="CareerStatsCardDlg.h">
      <Filter>Header Files</Filter>
    </ClInclude>
    <ClInclude Include="CityProfileDlg.h">
      <Filter>Header Files</Filter>
    </ClInclude>
    <ClInclude Include="ColorStaticST.h">
      <Filter>Header Files</Filter>
    </ClInclude>
    <ClInclude Include="Computer.h">
      <Filter>Header Files</Filter>
    </ClInclude>
    <ClInclude Include="Constants.h">
      <Filter>Header Files</Filter>
    </ClInclude>
    <ClInclude Include="CreateDlg.h">
      <Filter>Header Files</Filter>
    </ClInclude>
    <ClInclude Include="Curvefit.h">
      <Filter>Header Files</Filter>
    </ClInclude>
    <ClInclude Include="DCUtilities.h">
      <Filter>Header Files</Filter>
    </ClInclude>
    <ClInclude Include="DataSort.h">
      <Filter>Header Files</Filter>
    </ClInclude>
    <ClInclude Include="DefenseDlg.h">
      <Filter>Header Files</Filter>
    </ClInclude>
    <ClInclude Include="Digistatic.h">
      <Filter>Header Files</Filter>
    </ClInclude>
    <ClInclude Include="Disk.h">
      <Filter>Header Files</Filter>
    </ClInclude>
    <ClInclude Include="DraftDlg.h">
      <Filter>Header Files</Filter>
    </ClInclude>
    <ClInclude Include="EditDlg.h">
      <Filter>Header Files</Filter>
    </ClInclude>
    <ClInclude Include="Financial.h">
      <Filter>Header Files</Filter>
    </ClInclude>
    <ClInclude Include="FranchiseChangeDlg.h">
      <Filter>Header Files</Filter>
    </ClInclude>
    <ClInclude Include="FranchiseEdit.h">
      <Filter>Header Files</Filter>
    </ClInclude>
    <ClInclude Include="FreeAgentDlg.h">
      <Filter>Header Files</Filter>
    </ClInclude>
    <ClInclude Include="Future.h">
      <Filter>Header Files</Filter>
    </ClInclude>
    <ClInclude Include="GamePlan.h">
      <Filter>Header Files</Filter>
    </ClInclude>
    <ClInclude Include="GameView.h">
      <Filter>Header Files</Filter>
    </ClInclude>
    <ClInclude Include="..\..\..\Program Files\Microsoft SDK\include\GdiPlus.h">
      <Filter>Header Files</Filter>
    </ClInclude>
    <ClInclude Include="..\..\..\Program Files\Microsoft SDK\include\GdiPlusBase.h">
      <Filter>Header Files</Filter>
    </ClInclude>
    <ClInclude Include="..\..\..\Program Files\Microsoft SDK\include\GdiPlusBitmap.h">
      <Filter>Header Files</Filter>
    </ClInclude>
    <ClInclude Include="..\..\..\Program Files\Microsoft SDK\include\GdiPlusBrush.h">
      <Filter>Header Files</Filter>
    </ClInclude>
    <ClInclude Include="..\..\..\Program Files\Microsoft SDK\include\GdiPlusCachedBitmap.h">
      <Filter>Header Files</Filter>
    </ClInclude>
    <ClInclude Include="..\..\..\Program Files\Microsoft SDK\include\GdiPlusColor.h">
      <Filter>Header Files</Filter>
    </ClInclude>
    <ClInclude Include="..\..\..\Program Files\Microsoft SDK\include\GdiPlusColorMatrix.h">
      <Filter>Header Files</Filter>
    </ClInclude>
    <ClInclude Include="..\..\..\Program Files\Microsoft SDK\include\GdiPlusEnums.h">
      <Filter>Header Files</Filter>
    </ClInclude>
    <ClInclude Include="..\..\..\Program Files\Microsoft SDK\include\GdiPlusFlat.h">
      <Filter>Header Files</Filter>
    </ClInclude>
    <ClInclude Include="..\..\..\Program Files\Microsoft SDK\include\GdiPlusFont.h">
      <Filter>Header Files</Filter>
    </ClInclude>
    <ClInclude Include="..\..\..\Program Files\Microsoft SDK\include\GdiPlusFontCollection.h">
      <Filter>Header Files</Filter>
    </ClInclude>
    <ClInclude Include="..\..\..\Program Files\Microsoft SDK\include\GdiPlusFontFamily.h">
      <Filter>Header Files</Filter>
    </ClInclude>
    <ClInclude Include="..\..\..\Program Files\Microsoft SDK\include\GdiPlusGpStubs.h">
      <Filter>Header Files</Filter>
    </ClInclude>
    <ClInclude Include="..\..\..\Program Files\Microsoft SDK\include\GdiPlusGraphics.h">
      <Filter>Header Files</Filter>
    </ClInclude>
    <ClInclude Include="..\..\..\Program Files\Microsoft SDK\include\GdiPlusHeaders.h">
      <Filter>Header Files</Filter>
    </ClInclude>
    <ClInclude Include="..\..\..\Program Files\Microsoft SDK\include\GdiPlusImageCodec.h">
      <Filter>Header Files</Filter>
    </ClInclude>
    <ClInclude Include="..\..\..\Program Files\Microsoft SDK\include\GdiPlusImaging.h">
      <Filter>Header Files</Filter>
    </ClInclude>
    <ClInclude Include="..\..\..\Program Files\Microsoft SDK\include\GdiPlusInit.h">
      <Filter>Header Files</Filter>
    </ClInclude>
    <ClInclude Include="..\..\..\Program Files\Microsoft SDK\include\GdiPlusLineCaps.h">
      <Filter>Header Files</Filter>
    </ClInclude>
    <ClInclude Include="..\..\..\Program Files\Microsoft SDK\include\GdiPlusMatrix.h">
      <Filter>Header Files</Filter>
    </ClInclude>
    <ClInclude Include="..\..\..\Program Files\Microsoft SDK\include\GdiPlusMem.h">
      <Filter>Header Files</Filter>
    </ClInclude>
    <ClInclude Include="..\..\..\Program Files\Microsoft SDK\include\GdiPlusMetaFile.h">
      <Filter>Header Files</Filter>
    </ClInclude>
    <ClInclude Include="..\..\..\Program Files\Microsoft SDK\include\GdiPlusMetaHeader.h">
      <Filter>Header Files</Filter>
    </ClInclude>
    <ClInclude Include="..\..\..\Program Files\Microsoft SDK\include\GdiPlusPath.h">
      <Filter>Header Files</Filter>
    </ClInclude>
    <ClInclude Include="..\..\..\Program Files\Microsoft SDK\include\GdiPlusPen.h">
      <Filter>Header Files</Filter>
    </ClInclude>
    <ClInclude Include="..\..\..\Program Files\Microsoft SDK\include\GdiPlusPixelFormats.h">
      <Filter>Header Files</Filter>
    </ClInclude>
    <ClInclude Include="..\..\..\Program Files\Microsoft SDK\include\GdiPlusRegion.h">
      <Filter>Header Files</Filter>
    </ClInclude>
    <ClInclude Include="..\..\..\Program Files\Microsoft SDK\include\GdiPlusStringFormat.h">
      <Filter>Header Files</Filter>
    </ClInclude>
    <ClInclude Include="..\..\..\Program Files\Microsoft SDK\include\GdiPlusTypes.h">
      <Filter>Header Files</Filter>
    </ClInclude>
    <ClInclude Include="..\..\..\Program Files\Microsoft SDK\include\GdiPlusimageAttributes.h">
      <Filter>Header Files</Filter>
    </ClInclude>
    <ClInclude Include="GradientStatic.h">
      <Filter>Header Files</Filter>
    </ClInclude>
    <ClInclude Include="High.h">
      <Filter>Header Files</Filter>
    </ClInclude>
    <ClInclude Include="HireStaff.h">
      <Filter>Header Files</Filter>
    </ClInclude>
    <ClInclude Include="HistoryAwards.h">
      <Filter>Header Files</Filter>
    </ClInclude>
    <ClInclude Include="HistoryAwardsDlg.h">
      <Filter>Header Files</Filter>
    </ClInclude>
    <ClInclude Include="HistoryDraftDlg.h">
      <Filter>Header Files</Filter>
    </ClInclude>
    <ClInclude Include="HistoryStats.h">
      <Filter>Header Files</Filter>
    </ClInclude>
    <ClInclude Include="HistoryTeamDlg.h">
      <Filter>Header Files</Filter>
    </ClInclude>
    <ClInclude Include="HistoryView.h">
      <Filter>Header Files</Filter>
    </ClInclude>
    <ClInclude Include="HofDlg.h">
      <Filter>Header Files</Filter>
    </ClInclude>
    <ClInclude Include="Html.h">
      <Filter>Header Files</Filter>
    </ClInclude>
    <ClInclude Include="HtmlDlg.h">
      <Filter>Header Files</Filter>
    </ClInclude>
    <ClInclude Include="HtmlMsc.h">
      <Filter>Header Files</Filter>
    </ClInclude>
    <ClInclude Include="ImpExp.h">
      <Filter>Header Files</Filter>
    </ClInclude>
    <ClInclude Include="ImportDlg.h">
      <Filter>Header Files</Filter>
    </ClInclude>
    <ClInclude Include="ImportPlayersDlg.h">
      <Filter>Header Files</Filter>
    </ClInclude>
    <ClInclude Include="InjuryTable.h">
      <Filter>Header Files</Filter>
    </ClInclude>
    <ClInclude Include="Label.h">
      <Filter>Header Files</Filter>
    </ClInclude>
    <ClInclude Include="LeadersDlg.h">
      <Filter>Header Files</Filter>
    </ClInclude>
    <ClInclude Include="LeagueTeamSchedule.h">
      <Filter>Header Files</Filter>
    </ClInclude>
    <ClInclude Include="LeagueTeamsDlg.h">
      <Filter>Header Files</Filter>
    </ClInclude>
    <ClInclude Include="MainFrm.h">
      <Filter>Header Files</Filter>
    </ClInclude>
    <ClInclude Include="MemDC.h">
      <Filter>Header Files</Filter>
    </ClInclude>
    <ClInclude Include="MemDCDraw.h">
      <Filter>Header Files</Filter>
    </ClInclude>
    <ClInclude Include="MyDraw.h">
      <Filter>Header Files</Filter>
    </ClInclude>
    <ClInclude Include="MySliderControl.h">
      <Filter>Header Files</Filter>
    </ClInclude>
    <ClInclude Include="NegotiateDlg.h">
      <Filter>Header Files</Filter>
    </ClInclude>
    <ClInclude Include="OfferTrades1.h">
      <Filter>Header Files</Filter>
    </ClInclude>
    <ClInclude Include="OptionsDlg.h">
      <Filter>Header Files</Filter>
    </ClInclude>
    <ClInclude Include="Own.h">
      <Filter>Header Files</Filter>
    </ClInclude>
    <ClInclude Include="PbpDlg.h">
      <Filter>Header Files</Filter>
    </ClInclude>
    <ClInclude Include="Picture.h">
      <Filter>Header Files</Filter>
    </ClInclude>
    <ClInclude Include="Player.h">
      <Filter>Header Files</Filter>
    </ClInclude>
    <ClInclude Include="PlayerCardDlg.h">
      <Filter>Header Files</Filter>
    </ClInclude>
    <ClInclude Include="Playoff.h">
      <Filter>Header Files</Filter>
    </ClInclude>
    <ClInclude Include="PlayoffDlg.h">
      <Filter>Header Files</Filter>
    </ClInclude>
    <ClInclude Include="ProgressDlg1.h">
      <Filter>Header Files</Filter>
    </ClInclude>
    <ClInclude Include="ProgressView.h">
      <Filter>Header Files</Filter>
    </ClInclude>
    <ClInclude Include="Record.h">
      <Filter>Header Files</Filter>
    </ClInclude>
    <ClInclude Include="RecordbookDlg.h">
      <Filter>Header Files</Filter>
    </ClInclude>
    <ClInclude Include="ReportDlg.h">
      <Filter>Header Files</Filter>
    </ClInclude>
    <ClInclude Include="Retirement.h">
      <Filter>Header Files</Filter>
    </ClInclude>
    <ClInclude Include="Rgbcolor.h">
      <Filter>Header Files</Filter>
    </ClInclude>
    <ClInclude Include="RookieCardDlg.h">
      <Filter>Header Files</Filter>
    </ClInclude>
    <ClInclude Include="RookieDlg.h">
      <Filter>Header Files</Filter>
    </ClInclude>
    <ClInclude Include="RookieStage.h">
      <Filter>Header Files</Filter>
    </ClInclude>
    <ClInclude Include="ScheduleDlg.h">
      <Filter>Header Files</Filter>
    </ClInclude>
    <ClInclude Include="ScheduleView.h">
      <Filter>Header Files</Filter>
    </ClInclude>
    <ClInclude Include="ScoutProfileDlg.h">
      <Filter>Header Files</Filter>
    </ClInclude>
    <ClInclude Include="SearchDlg.h">
      <Filter>Header Files</Filter>
    </ClInclude>
    <ClInclude Include="Splash1.h">
      <Filter>Header Files</Filter>
    </ClInclude>
    <ClInclude Include="Staff.h">
      <Filter>Header Files</Filter>
    </ClInclude>
    <ClInclude Include="StaffDlg.h">
      <Filter>Header Files</Filter>
    </ClInclude>
    <ClInclude Include="StandingsView.h">
      <Filter>Header Files</Filter>
    </ClInclude>
    <ClInclude Include="StatsDlg.h">
      <Filter>Header Files</Filter>
    </ClInclude>
    <ClInclude Include="StdAfx.h">
      <Filter>Header Files</Filter>
    </ClInclude>
    <ClInclude Include="SxGroupBox.h">
      <Filter>Header Files</Filter>
    </ClInclude>
    <ClInclude Include="TeamFinancial.h">
      <Filter>Header Files</Filter>
    </ClInclude>
    <ClInclude Include="TeamView.h">
      <Filter>Header Files</Filter>
    </ClInclude>
    <ClInclude Include="TimeoutDlg.h">
      <Filter>Header Files</Filter>
    </ClInclude>
    <ClInclude Include="ToolsView.h">
      <Filter>Header Files</Filter>
    </ClInclude>
    <ClInclude Include="TradeBlockDlg.h">
      <Filter>Header Files</Filter>
    </ClInclude>
    <ClInclude Include="TradeDlg.h">
      <Filter>Header Files</Filter>
    </ClInclude>
    <ClInclude Include="Transactions.h">
      <Filter>Header Files</Filter>
    </ClInclude>
    <ClInclude Include="TransactionsDlg.h">
      <Filter>Header Files</Filter>
    </ClInclude>
    <ClInclude Include="TypeGameDlg.h">
      <Filter>Header Files</Filter>
    </ClInclude>
    <ClInclude Include="calendar.h">
      <Filter>Header Files</Filter>
    </ClInclude>
    <ClInclude Include="datacombo.h">
      <Filter>Header Files</Filter>
    </ClInclude>
    <ClInclude Include="dbcombo.h">
      <Filter>Header Files</Filter>
    </ClInclude>
    <ClInclude Include="font.h">
      <Filter>Header Files</Filter>
    </ClInclude>
    <ClInclude Include="mdccombo.h">
      <Filter>Header Files</Filter>
    </ClInclude>
    <ClInclude Include="picture1.h">
      <Filter>Header Files</Filter>
    </ClInclude>
    <ClInclude Include="rowcursor.h">
      <Filter>Header Files</Filter>
    </ClInclude>
    <ClInclude Include="C:\Program Files (x86)\Microsoft Visual Studio\2019\Community\VC\Tools\MSVC\14.29.30037\atlmfc\include\afxbutton.h">
      <Filter>Header Files</Filter>
    </ClInclude>
    <ClInclude Include="XListCtrl\SortCStringArray.h">
      <Filter>Header Files</Filter>
    </ClInclude>
    <ClInclude Include="MyComboBox.h">
      <Filter>Header Files</Filter>
    </ClInclude>
    <ClInclude Include="AllStarWeekend.h">
      <Filter>Header Files</Filter>
    </ClInclude>
    <ClInclude Include="MyButton.h">
      <Filter>Header Files</Filter>
    </ClInclude>
    <ClInclude Include="Engine.h">
      <Filter>Header Files</Filter>
    </ClInclude>
    <ClInclude Include="ScoutEditDlg.h">
      <Filter>Header Files</Filter>
    </ClInclude>
    <ClInclude Include="TransparentStatic.h">
      <Filter>Header Files</Filter>
    </ClInclude>
    <ClInclude Include="RegisterDlg.h">
      <Filter>Header Files</Filter>
    </ClInclude>
    <ClInclude Include="SplashScreenEx.h">
      <Filter>Header Files</Filter>
    </ClInclude>
    <ClInclude Include="TransparentGroup.h">
      <Filter>Header Files</Filter>
    </ClInclude>
    <ClInclude Include="MyListCtrl.h">
      <Filter>Header Files</Filter>
    </ClInclude>
    <ClInclude Include="XHeaderCtrl.h">
      <Filter>Header Files</Filter>
    </ClInclude>
    <ClInclude Include="Externs.h">
      <Filter>Header Files</Filter>
    </ClInclude>
  </ItemGroup>
  <ItemGroup>
    <Image Include="res\BmpBack.bmp">
      <Filter>Resource Files</Filter>
    </Image>
    <Image Include="res\JSB-MAIN-SCREEN.bmp">
      <Filter>Resource Files</Filter>
    </Image>
    <Image Include="res\Shot.ico">
      <Filter>Resource Files</Filter>
    </Image>
    <Image Include="res\Splsh16.bmp">
      <Filter>Resource Files</Filter>
    </Image>
    <Image Include="res\cximage.bmp">
      <Filter>Resource Files</Filter>
    </Image>
    <Image Include="res\sample.bmp">
      <Filter>Resource Files</Filter>
    </Image>
    <Image Include="res\schedule.bmp">
      <Filter>Resource Files</Filter>
    </Image>
    <Image Include="hlp\AppExit.bmp">
      <Filter>Help Files</Filter>
    </Image>
    <Image Include="hlp\Bullet.bmp">
      <Filter>Help Files</Filter>
    </Image>
    <Image Include="hlp\CurArw2.bmp">
      <Filter>Help Files</Filter>
    </Image>
    <Image Include="hlp\CurArw4.bmp">
      <Filter>Help Files</Filter>
    </Image>
    <Image Include="hlp\CurHelp.bmp">
      <Filter>Help Files</Filter>
    </Image>
    <Image Include="hlp\EditCopy.bmp">
      <Filter>Help Files</Filter>
    </Image>
    <Image Include="hlp\EditCut.bmp">
      <Filter>Help Files</Filter>
    </Image>
    <Image Include="hlp\EditPast.bmp">
      <Filter>Help Files</Filter>
    </Image>
    <Image Include="hlp\EditUndo.bmp">
      <Filter>Help Files</Filter>
    </Image>
    <Image Include="hlp\FileNew.bmp">
      <Filter>Help Files</Filter>
    </Image>
    <Image Include="hlp\FileOpen.bmp">
      <Filter>Help Files</Filter>
    </Image>
    <Image Include="hlp\FilePrnt.bmp">
      <Filter>Help Files</Filter>
    </Image>
    <Image Include="hlp\FileSave.bmp">
      <Filter>Help Files</Filter>
    </Image>
    <Image Include="hlp\HlpSBar.bmp">
      <Filter>Help Files</Filter>
    </Image>
    <Image Include="hlp\HlpTBar.bmp">
      <Filter>Help Files</Filter>
    </Image>
    <Image Include="hlp\RecFirst.bmp">
      <Filter>Help Files</Filter>
    </Image>
    <Image Include="hlp\RecLast.bmp">
      <Filter>Help Files</Filter>
    </Image>
    <Image Include="hlp\RecNext.bmp">
      <Filter>Help Files</Filter>
    </Image>
    <Image Include="hlp\RecPrev.bmp">
      <Filter>Help Files</Filter>
    </Image>
    <Image Include="hlp\ScMenu.bmp">
      <Filter>Help Files</Filter>
    </Image>
    <Image Include="hlp\Scmax.bmp">
      <Filter>Help Files</Filter>
    </Image>
    <Image Include="hlp\Scmin.bmp">
      <Filter>Help Files</Filter>
    </Image>
    <Image Include="res\button1.bmp">
      <Filter>Resource Files</Filter>
    </Image>
    <Image Include="..\..\..\..\PHOTOS\Pictures (1)\jumpshot.png">
      <Filter>Resource Files</Filter>
    </Image>
    <Image Include="images\standings.PNG">
      <Filter>Resource Files</Filter>
    </Image>
    <Image Include="images\bball court.png">
      <Filter>Resource Files</Filter>
    </Image>
    <Image Include="images\Tropical Hardwood_BaseColor.png" />
    <Image Include="res\ref.ico">
      <Filter>Resource Files</Filter>
    </Image>
    <Image Include="res\icon50.ico">
      <Filter>Resource Files</Filter>
    </Image>
  </ItemGroup>
  <ItemGroup>
    <Text Include="ReadMe.txt" />
  </ItemGroup>
  <ItemGroup>
    <CustomBuild Include="Resource.h">
      <Filter>Header Files</Filter>
    </CustomBuild>
  </ItemGroup>
</Project>